
Microsoft Visual Studio Solution File, Format Version 12.00
# Visual Studio Version 17
VisualStudioVersion = 17.0.31903.59
MinimumVisualStudioVersion = 10.0.40219.1
Project("{2150E333-8FDC-42A3-9474-1A3956D46DE8}") = "src", "src", "{827E0CD3-B72D-47B6-A68D-7590B98EB39B}"
EndProject
Project("{FAE04EC0-301F-11D3-BF4B-00C04F79EFBC}") = "TaskManagement.Domain", "src\TaskManagement.Domain\TaskManagement.Domain.csproj", "{9881D637-369B-4360-9AF1-7048461CFA6C}"
EndProject
Project("{FAE04EC0-301F-11D3-BF4B-00C04F79EFBC}") = "TaskManagement.Application", "src\TaskManagement.Application\TaskManagement.Application.csproj", "{D7B0A6E1-8949-48D7-9849-0AAF8B41EE83}"
EndProject
Project("{FAE04EC0-301F-11D3-BF4B-00C04F79EFBC}") = "TaskManagement.Infrastructure", "src\TaskManagement.Infrastructure\TaskManagement.Infrastructure.csproj", "{4194DB06-815F-4393-B207-D145B4899CA1}"
EndProject
Project("{FAE04EC0-301F-11D3-BF4B-00C04F79EFBC}") = "TaskManagement.Api", "src\TaskManagement.Api\TaskManagement.Api.csproj", "{6804C5F8-59FE-4380-8A57-1387F6A0835A}"
EndProject
Global
	GlobalSection(SolutionConfigurationPlatforms) = preSolution
		Debug|Any CPU = Debug|Any CPU
		Debug|x64 = Debug|x64
		Debug|x86 = Debug|x86
		Release|Any CPU = Release|Any CPU
		Release|x64 = Release|x64
		Release|x86 = Release|x86
	EndGlobalSection
	GlobalSection(ProjectConfigurationPlatforms) = postSolution
		{9881D637-369B-4360-9AF1-7048461CFA6C}.Debug|Any CPU.ActiveCfg = Debug|Any CPU
		{9881D637-369B-4360-9AF1-7048461CFA6C}.Debug|Any CPU.Build.0 = Debug|Any CPU
		{9881D637-369B-4360-9AF1-7048461CFA6C}.Debug|x64.ActiveCfg = Debug|Any CPU
		{9881D637-369B-4360-9AF1-7048461CFA6C}.Debug|x64.Build.0 = Debug|Any CPU
		{9881D637-369B-4360-9AF1-7048461CFA6C}.Debug|x86.ActiveCfg = Debug|Any CPU
		{9881D637-369B-4360-9AF1-7048461CFA6C}.Debug|x86.Build.0 = Debug|Any CPU
		{9881D637-369B-4360-9AF1-7048461CFA6C}.Release|Any CPU.ActiveCfg = Release|Any CPU
		{9881D637-369B-4360-9AF1-7048461CFA6C}.Release|Any CPU.Build.0 = Release|Any CPU
		{9881D637-369B-4360-9AF1-7048461CFA6C}.Release|x64.ActiveCfg = Release|Any CPU
		{9881D637-369B-4360-9AF1-7048461CFA6C}.Release|x64.Build.0 = Release|Any CPU
		{9881D637-369B-4360-9AF1-7048461CFA6C}.Release|x86.ActiveCfg = Release|Any CPU
		{9881D637-369B-4360-9AF1-7048461CFA6C}.Release|x86.Build.0 = Release|Any CPU
		{D7B0A6E1-8949-48D7-9849-0AAF8B41EE83}.Debug|Any CPU.ActiveCfg = Debug|Any CPU
		{D7B0A6E1-8949-48D7-9849-0AAF8B41EE83}.Debug|Any CPU.Build.0 = Debug|Any CPU
		{D7B0A6E1-8949-48D7-9849-0AAF8B41EE83}.Debug|x64.ActiveCfg = Debug|Any CPU
		{D7B0A6E1-8949-48D7-9849-0AAF8B41EE83}.Debug|x64.Build.0 = Debug|Any CPU
		{D7B0A6E1-8949-48D7-9849-0AAF8B41EE83}.Debug|x86.ActiveCfg = Debug|Any CPU
		{D7B0A6E1-8949-48D7-9849-0AAF8B41EE83}.Debug|x86.Build.0 = Debug|Any CPU
		{D7B0A6E1-8949-48D7-9849-0AAF8B41EE83}.Release|Any CPU.ActiveCfg = Release|Any CPU
		{D7B0A6E1-8949-48D7-9849-0AAF8B41EE83}.Release|Any CPU.Build.0 = Release|Any CPU
		{D7B0A6E1-8949-48D7-9849-0AAF8B41EE83}.Release|x64.ActiveCfg = Release|Any CPU
		{D7B0A6E1-8949-48D7-9849-0AAF8B41EE83}.Release|x64.Build.0 = Release|Any CPU
		{D7B0A6E1-8949-48D7-9849-0AAF8B41EE83}.Release|x86.ActiveCfg = Release|Any CPU
		{D7B0A6E1-8949-48D7-9849-0AAF8B41EE83}.Release|x86.Build.0 = Release|Any CPU
		{4194DB06-815F-4393-B207-D145B4899CA1}.Debug|Any CPU.ActiveCfg = Debug|Any CPU
		{4194DB06-815F-4393-B207-D145B4899CA1}.Debug|Any CPU.Build.0 = Debug|Any CPU
		{4194DB06-815F-4393-B207-D145B4899CA1}.Debug|x64.ActiveCfg = Debug|Any CPU
		{4194DB06-815F-4393-B207-D145B4899CA1}.Debug|x64.Build.0 = Debug|Any CPU
		{4194DB06-815F-4393-B207-D145B4899CA1}.Debug|x86.ActiveCfg = Debug|Any CPU
		{4194DB06-815F-4393-B207-D145B4899CA1}.Debug|x86.Build.0 = Debug|Any CPU
		{4194DB06-815F-4393-B207-D145B4899CA1}.Release|Any CPU.ActiveCfg = Release|Any CPU
		{4194DB06-815F-4393-B207-D145B4899CA1}.Release|Any CPU.Build.0 = Release|Any CPU
		{4194DB06-815F-4393-B207-D145B4899CA1}.Release|x64.ActiveCfg = Release|Any CPU
		{4194DB06-815F-4393-B207-D145B4899CA1}.Release|x64.Build.0 = Release|Any CPU
		{4194DB06-815F-4393-B207-D145B4899CA1}.Release|x86.ActiveCfg = Release|Any CPU
		{4194DB06-815F-4393-B207-D145B4899CA1}.Release|x86.Build.0 = Release|Any CPU
		{6804C5F8-59FE-4380-8A57-1387F6A0835A}.Debug|Any CPU.ActiveCfg = Debug|Any CPU
		{6804C5F8-59FE-4380-8A57-1387F6A0835A}.Debug|Any CPU.Build.0 = Debug|Any CPU
		{6804C5F8-59FE-4380-8A57-1387F6A0835A}.Debug|x64.ActiveCfg = Debug|Any CPU
		{6804C5F8-59FE-4380-8A57-1387F6A0835A}.Debug|x64.Build.0 = Debug|Any CPU
		{6804C5F8-59FE-4380-8A57-1387F6A0835A}.Debug|x86.ActiveCfg = Debug|Any CPU
		{6804C5F8-59FE-4380-8A57-1387F6A0835A}.Debug|x86.Build.0 = Debug|Any CPU
		{6804C5F8-59FE-4380-8A57-1387F6A0835A}.Release|Any CPU.ActiveCfg = Release|Any CPU
		{6804C5F8-59FE-4380-8A57-1387F6A0835A}.Release|Any CPU.Build.0 = Release|Any CPU
		{6804C5F8-59FE-4380-8A57-1387F6A0835A}.Release|x64.ActiveCfg = Release|Any CPU
		{6804C5F8-59FE-4380-8A57-1387F6A0835A}.Release|x64.Build.0 = Release|Any CPU
		{6804C5F8-59FE-4380-8A57-1387F6A0835A}.Release|x86.ActiveCfg = Release|Any CPU
		{6804C5F8-59FE-4380-8A57-1387F6A0835A}.Release|x86.Build.0 = Release|Any CPU
	EndGlobalSection
	GlobalSection(SolutionProperties) = preSolution
		HideSolutionNode = FALSE
	EndGlobalSection
	GlobalSection(NestedProjects) = preSolution
		{9881D637-369B-4360-9AF1-7048461CFA6C} = {827E0CD3-B72D-47B6-A68D-7590B98EB39B}
		{D7B0A6E1-8949-48D7-9849-0AAF8B41EE83} = {827E0CD3-B72D-47B6-A68D-7590B98EB39B}
		{4194DB06-815F-4393-B207-D145B4899CA1} = {827E0CD3-B72D-47B6-A68D-7590B98EB39B}
		{6804C5F8-59FE-4380-8A57-1387F6A0835A} = {827E0CD3-B72D-47B6-A68D-7590B98EB39B}
	EndGlobalSection
EndGlobal
